
Microsoft Visual Studio Solution File, Format Version 12.00
# Visual Studio 15
VisualStudioVersion = 15.0.27703.2042
MinimumVisualStudioVersion = 10.0.40219.1
Project("{FAE04EC0-301F-11D3-BF4B-00C04F79EFBC}") = "Bookynfo.Android", "Bookynfo\Bookynfo.Android\Bookynfo.Android.csproj", "{DFE48736-2E18-4A30-99DB-06587AE2EE79}"
EndProject
Project("{FAE04EC0-301F-11D3-BF4B-00C04F79EFBC}") = "Bookynfo.iOS", "Bookynfo\Bookynfo.iOS\Bookynfo.iOS.csproj", "{65CEEBE8-AADA-48E1-82BB-34165FA62AB6}"
EndProject
Project("{FAE04EC0-301F-11D3-BF4B-00C04F79EFBC}") = "Bookynfo.UWP", "Bookynfo\Bookynfo.UWP\Bookynfo.UWP.csproj", "{D2803FC0-6477-42B7-9051-C13D25A6746C}"
EndProject
Project("{FAE04EC0-301F-11D3-BF4B-00C04F79EFBC}") = "Bookynfo", "Bookynfo\Bookynfo\Bookynfo.csproj", "{BAF625B7-3E5C-458B-8EAE-10BBE743E8FC}"
EndProject
Global
	GlobalSection(SolutionConfigurationPlatforms) = preSolution
		Ad-Hoc|Any CPU = Ad-Hoc|Any CPU
		Ad-Hoc|ARM = Ad-Hoc|ARM
		Ad-Hoc|iPhone = Ad-Hoc|iPhone
		Ad-Hoc|iPhoneSimulator = Ad-Hoc|iPhoneSimulator
		Ad-Hoc|x64 = Ad-Hoc|x64
		Ad-Hoc|x86 = Ad-Hoc|x86
		AppStore|Any CPU = AppStore|Any CPU
		AppStore|ARM = AppStore|ARM
		AppStore|iPhone = AppStore|iPhone
		AppStore|iPhoneSimulator = AppStore|iPhoneSimulator
		AppStore|x64 = AppStore|x64
		AppStore|x86 = AppStore|x86
		Debug|Any CPU = Debug|Any CPU
		Debug|ARM = Debug|ARM
		Debug|iPhone = Debug|iPhone
		Debug|iPhoneSimulator = Debug|iPhoneSimulator
		Debug|x64 = Debug|x64
		Debug|x86 = Debug|x86
		Release|Any CPU = Release|Any CPU
		Release|ARM = Release|ARM
		Release|iPhone = Release|iPhone
		Release|iPhoneSimulator = Release|iPhoneSimulator
		Release|x64 = Release|x64
		Release|x86 = Release|x86
	EndGlobalSection
	GlobalSection(ProjectConfigurationPlatforms) = postSolution
		{DFE48736-2E18-4A30-99DB-06587AE2EE79}.Ad-Hoc|Any CPU.ActiveCfg = Release|Any CPU
		{DFE48736-2E18-4A30-99DB-06587AE2EE79}.Ad-Hoc|Any CPU.Build.0 = Release|Any CPU
		{DFE48736-2E18-4A30-99DB-06587AE2EE79}.Ad-Hoc|Any CPU.Deploy.0 = Release|Any CPU
		{DFE48736-2E18-4A30-99DB-06587AE2EE79}.Ad-Hoc|ARM.ActiveCfg = Release|Any CPU
		{DFE48736-2E18-4A30-99DB-06587AE2EE79}.Ad-Hoc|ARM.Build.0 = Release|Any CPU
		{DFE48736-2E18-4A30-99DB-06587AE2EE79}.Ad-Hoc|ARM.Deploy.0 = Release|Any CPU
		{DFE48736-2E18-4A30-99DB-06587AE2EE79}.Ad-Hoc|iPhone.ActiveCfg = Release|Any CPU
		{DFE48736-2E18-4A30-99DB-06587AE2EE79}.Ad-Hoc|iPhone.Build.0 = Release|Any CPU
		{DFE48736-2E18-4A30-99DB-06587AE2EE79}.Ad-Hoc|iPhone.Deploy.0 = Release|Any CPU
		{DFE48736-2E18-4A30-99DB-06587AE2EE79}.Ad-Hoc|iPhoneSimulator.ActiveCfg = Release|Any CPU
		{DFE48736-2E18-4A30-99DB-06587AE2EE79}.Ad-Hoc|iPhoneSimulator.Build.0 = Release|Any CPU
		{DFE48736-2E18-4A30-99DB-06587AE2EE79}.Ad-Hoc|iPhoneSimulator.Deploy.0 = Release|Any CPU
		{DFE48736-2E18-4A30-99DB-06587AE2EE79}.Ad-Hoc|x64.ActiveCfg = Release|Any CPU
		{DFE48736-2E18-4A30-99DB-06587AE2EE79}.Ad-Hoc|x64.Build.0 = Release|Any CPU
		{DFE48736-2E18-4A30-99DB-06587AE2EE79}.Ad-Hoc|x64.Deploy.0 = Release|Any CPU
		{DFE48736-2E18-4A30-99DB-06587AE2EE79}.Ad-Hoc|x86.ActiveCfg = Release|Any CPU
		{DFE48736-2E18-4A30-99DB-06587AE2EE79}.Ad-Hoc|x86.Build.0 = Release|Any CPU
		{DFE48736-2E18-4A30-99DB-06587AE2EE79}.Ad-Hoc|x86.Deploy.0 = Release|Any CPU
		{DFE48736-2E18-4A30-99DB-06587AE2EE79}.AppStore|Any CPU.ActiveCfg = Release|Any CPU
		{DFE48736-2E18-4A30-99DB-06587AE2EE79}.AppStore|Any CPU.Build.0 = Release|Any CPU
		{DFE48736-2E18-4A30-99DB-06587AE2EE79}.AppStore|Any CPU.Deploy.0 = Release|Any CPU
		{DFE48736-2E18-4A30-99DB-06587AE2EE79}.AppStore|ARM.ActiveCfg = Release|Any CPU
		{DFE48736-2E18-4A30-99DB-06587AE2EE79}.AppStore|ARM.Build.0 = Release|Any CPU
		{DFE48736-2E18-4A30-99DB-06587AE2EE79}.AppStore|ARM.Deploy.0 = Release|Any CPU
		{DFE48736-2E18-4A30-99DB-06587AE2EE79}.AppStore|iPhone.ActiveCfg = Release|Any CPU
		{DFE48736-2E18-4A30-99DB-06587AE2EE79}.AppStore|iPhone.Build.0 = Release|Any CPU
		{DFE48736-2E18-4A30-99DB-06587AE2EE79}.AppStore|iPhone.Deploy.0 = Release|Any CPU
		{DFE48736-2E18-4A30-99DB-06587AE2EE79}.AppStore|iPhoneSimulator.ActiveCfg = Release|Any CPU
		{DFE48736-2E18-4A30-99DB-06587AE2EE79}.AppStore|iPhoneSimulator.Build.0 = Release|Any CPU
		{DFE48736-2E18-4A30-99DB-06587AE2EE79}.AppStore|iPhoneSimulator.Deploy.0 = Release|Any CPU
		{DFE48736-2E18-4A30-99DB-06587AE2EE79}.AppStore|x64.ActiveCfg = Release|Any CPU
		{DFE48736-2E18-4A30-99DB-06587AE2EE79}.AppStore|x64.Build.0 = Release|Any CPU
		{DFE48736-2E18-4A30-99DB-06587AE2EE79}.AppStore|x64.Deploy.0 = Release|Any CPU
		{DFE48736-2E18-4A30-99DB-06587AE2EE79}.AppStore|x86.ActiveCfg = Release|Any CPU
		{DFE48736-2E18-4A30-99DB-06587AE2EE79}.AppStore|x86.Build.0 = Release|Any CPU
		{DFE48736-2E18-4A30-99DB-06587AE2EE79}.AppStore|x86.Deploy.0 = Release|Any CPU
		{DFE48736-2E18-4A30-99DB-06587AE2EE79}.Debug|Any CPU.ActiveCfg = Debug|Any CPU
		{DFE48736-2E18-4A30-99DB-06587AE2EE79}.Debug|Any CPU.Build.0 = Debug|Any CPU
		{DFE48736-2E18-4A30-99DB-06587AE2EE79}.Debug|Any CPU.Deploy.0 = Debug|Any CPU
		{DFE48736-2E18-4A30-99DB-06587AE2EE79}.Debug|ARM.ActiveCfg = Debug|Any CPU
		{DFE48736-2E18-4A30-99DB-06587AE2EE79}.Debug|ARM.Build.0 = Debug|Any CPU
		{DFE48736-2E18-4A30-99DB-06587AE2EE79}.Debug|ARM.Deploy.0 = Debug|Any CPU
		{DFE48736-2E18-4A30-99DB-06587AE2EE79}.Debug|iPhone.ActiveCfg = Debug|Any CPU
		{DFE48736-2E18-4A30-99DB-06587AE2EE79}.Debug|iPhone.Build.0 = Debug|Any CPU
		{DFE48736-2E18-4A30-99DB-06587AE2EE79}.Debug|iPhone.Deploy.0 = Debug|Any CPU
		{DFE48736-2E18-4A30-99DB-06587AE2EE79}.Debug|iPhoneSimulator.ActiveCfg = Debug|Any CPU
		{DFE48736-2E18-4A30-99DB-06587AE2EE79}.Debug|iPhoneSimulator.Build.0 = Debug|Any CPU
		{DFE48736-2E18-4A30-99DB-06587AE2EE79}.Debug|iPhoneSimulator.Deploy.0 = Debug|Any CPU
		{DFE48736-2E18-4A30-99DB-06587AE2EE79}.Debug|x64.ActiveCfg = Debug|Any CPU
		{DFE48736-2E18-4A30-99DB-06587AE2EE79}.Debug|x64.Build.0 = Debug|Any CPU
		{DFE48736-2E18-4A30-99DB-06587AE2EE79}.Debug|x64.Deploy.0 = Debug|Any CPU
		{DFE48736-2E18-4A30-99DB-06587AE2EE79}.Debug|x86.ActiveCfg = Debug|Any CPU
		{DFE48736-2E18-4A30-99DB-06587AE2EE79}.Debug|x86.Build.0 = Debug|Any CPU
		{DFE48736-2E18-4A30-99DB-06587AE2EE79}.Debug|x86.Deploy.0 = Debug|Any CPU
		{DFE48736-2E18-4A30-99DB-06587AE2EE79}.Release|Any CPU.ActiveCfg = Release|Any CPU
		{DFE48736-2E18-4A30-99DB-06587AE2EE79}.Release|Any CPU.Build.0 = Release|Any CPU
		{DFE48736-2E18-4A30-99DB-06587AE2EE79}.Release|Any CPU.Deploy.0 = Release|Any CPU
		{DFE48736-2E18-4A30-99DB-06587AE2EE79}.Release|ARM.ActiveCfg = Release|Any CPU
		{DFE48736-2E18-4A30-99DB-06587AE2EE79}.Release|ARM.Build.0 = Release|Any CPU
		{DFE48736-2E18-4A30-99DB-06587AE2EE79}.Release|ARM.Deploy.0 = Release|Any CPU
		{DFE48736-2E18-4A30-99DB-06587AE2EE79}.Release|iPhone.ActiveCfg = Release|Any CPU
		{DFE48736-2E18-4A30-99DB-06587AE2EE79}.Release|iPhone.Build.0 = Release|Any CPU
		{DFE48736-2E18-4A30-99DB-06587AE2EE79}.Release|iPhone.Deploy.0 = Release|Any CPU
		{DFE48736-2E18-4A30-99DB-06587AE2EE79}.Release|iPhoneSimulator.ActiveCfg = Release|Any CPU
		{DFE48736-2E18-4A30-99DB-06587AE2EE79}.Release|iPhoneSimulator.Build.0 = Release|Any CPU
		{DFE48736-2E18-4A30-99DB-06587AE2EE79}.Release|iPhoneSimulator.Deploy.0 = Release|Any CPU
		{DFE48736-2E18-4A30-99DB-06587AE2EE79}.Release|x64.ActiveCfg = Release|Any CPU
		{DFE48736-2E18-4A30-99DB-06587AE2EE79}.Release|x64.Build.0 = Release|Any CPU
		{DFE48736-2E18-4A30-99DB-06587AE2EE79}.Release|x64.Deploy.0 = Release|Any CPU
		{DFE48736-2E18-4A30-99DB-06587AE2EE79}.Release|x86.ActiveCfg = Release|Any CPU
		{DFE48736-2E18-4A30-99DB-06587AE2EE79}.Release|x86.Build.0 = Release|Any CPU
		{DFE48736-2E18-4A30-99DB-06587AE2EE79}.Release|x86.Deploy.0 = Release|Any CPU
		{65CEEBE8-AADA-48E1-82BB-34165FA62AB6}.Ad-Hoc|Any CPU.ActiveCfg = Ad-Hoc|iPhone
		{65CEEBE8-AADA-48E1-82BB-34165FA62AB6}.Ad-Hoc|Any CPU.Build.0 = Ad-Hoc|iPhone
		{65CEEBE8-AADA-48E1-82BB-34165FA62AB6}.Ad-Hoc|Any CPU.Deploy.0 = Ad-Hoc|iPhone
		{65CEEBE8-AADA-48E1-82BB-34165FA62AB6}.Ad-Hoc|ARM.ActiveCfg = Ad-Hoc|iPhone
		{65CEEBE8-AADA-48E1-82BB-34165FA62AB6}.Ad-Hoc|ARM.Build.0 = Ad-Hoc|iPhone
		{65CEEBE8-AADA-48E1-82BB-34165FA62AB6}.Ad-Hoc|ARM.Deploy.0 = Ad-Hoc|iPhone
		{65CEEBE8-AADA-48E1-82BB-34165FA62AB6}.Ad-Hoc|iPhone.ActiveCfg = Ad-Hoc|iPhone
		{65CEEBE8-AADA-48E1-82BB-34165FA62AB6}.Ad-Hoc|iPhone.Build.0 = Ad-Hoc|iPhone
		{65CEEBE8-AADA-48E1-82BB-34165FA62AB6}.Ad-Hoc|iPhone.Deploy.0 = Ad-Hoc|iPhone
		{65CEEBE8-AADA-48E1-82BB-34165FA62AB6}.Ad-Hoc|iPhoneSimulator.ActiveCfg = Ad-Hoc|iPhoneSimulator
		{65CEEBE8-AADA-48E1-82BB-34165FA62AB6}.Ad-Hoc|iPhoneSimulator.Build.0 = Ad-Hoc|iPhoneSimulator
		{65CEEBE8-AADA-48E1-82BB-34165FA62AB6}.Ad-Hoc|iPhoneSimulator.Deploy.0 = Ad-Hoc|iPhoneSimulator
		{65CEEBE8-AADA-48E1-82BB-34165FA62AB6}.Ad-Hoc|x64.ActiveCfg = Ad-Hoc|iPhone
		{65CEEBE8-AADA-48E1-82BB-34165FA62AB6}.Ad-Hoc|x64.Build.0 = Ad-Hoc|iPhone
		{65CEEBE8-AADA-48E1-82BB-34165FA62AB6}.Ad-Hoc|x64.Deploy.0 = Ad-Hoc|iPhone
		{65CEEBE8-AADA-48E1-82BB-34165FA62AB6}.Ad-Hoc|x86.ActiveCfg = Ad-Hoc|iPhone
		{65CEEBE8-AADA-48E1-82BB-34165FA62AB6}.Ad-Hoc|x86.Build.0 = Ad-Hoc|iPhone
		{65CEEBE8-AADA-48E1-82BB-34165FA62AB6}.Ad-Hoc|x86.Deploy.0 = Ad-Hoc|iPhone
		{65CEEBE8-AADA-48E1-82BB-34165FA62AB6}.AppStore|Any CPU.ActiveCfg = AppStore|iPhone
		{65CEEBE8-AADA-48E1-82BB-34165FA62AB6}.AppStore|Any CPU.Build.0 = AppStore|iPhone
		{65CEEBE8-AADA-48E1-82BB-34165FA62AB6}.AppStore|Any CPU.Deploy.0 = AppStore|iPhone
		{65CEEBE8-AADA-48E1-82BB-34165FA62AB6}.AppStore|ARM.ActiveCfg = AppStore|iPhone
		{65CEEBE8-AADA-48E1-82BB-34165FA62AB6}.AppStore|ARM.Build.0 = AppStore|iPhone
		{65CEEBE8-AADA-48E1-82BB-34165FA62AB6}.AppStore|ARM.Deploy.0 = AppStore|iPhone
		{65CEEBE8-AADA-48E1-82BB-34165FA62AB6}.AppStore|iPhone.ActiveCfg = AppStore|iPhone
		{65CEEBE8-AADA-48E1-82BB-34165FA62AB6}.AppStore|iPhone.Build.0 = AppStore|iPhone
		{65CEEBE8-AADA-48E1-82BB-34165FA62AB6}.AppStore|iPhone.Deploy.0 = AppStore|iPhone
		{65CEEBE8-AADA-48E1-82BB-34165FA62AB6}.AppStore|iPhoneSimulator.ActiveCfg = AppStore|iPhoneSimulator
		{65CEEBE8-AADA-48E1-82BB-34165FA62AB6}.AppStore|iPhoneSimulator.Build.0 = AppStore|iPhoneSimulator
		{65CEEBE8-AADA-48E1-82BB-34165FA62AB6}.AppStore|iPhoneSimulator.Deploy.0 = AppStore|iPhoneSimulator
		{65CEEBE8-AADA-48E1-82BB-34165FA62AB6}.AppStore|x64.ActiveCfg = AppStore|iPhone
		{65CEEBE8-AADA-48E1-82BB-34165FA62AB6}.AppStore|x64.Build.0 = AppStore|iPhone
		{65CEEBE8-AADA-48E1-82BB-34165FA62AB6}.AppStore|x64.Deploy.0 = AppStore|iPhone
		{65CEEBE8-AADA-48E1-82BB-34165FA62AB6}.AppStore|x86.ActiveCfg = AppStore|iPhone
		{65CEEBE8-AADA-48E1-82BB-34165FA62AB6}.AppStore|x86.Build.0 = AppStore|iPhone
		{65CEEBE8-AADA-48E1-82BB-34165FA62AB6}.AppStore|x86.Deploy.0 = AppStore|iPhone
		{65CEEBE8-AADA-48E1-82BB-34165FA62AB6}.Debug|Any CPU.ActiveCfg = Debug|iPhoneSimulator
		{65CEEBE8-AADA-48E1-82BB-34165FA62AB6}.Debug|Any CPU.Build.0 = Debug|iPhoneSimulator
		{65CEEBE8-AADA-48E1-82BB-34165FA62AB6}.Debug|Any CPU.Deploy.0 = Debug|iPhoneSimulator
		{65CEEBE8-AADA-48E1-82BB-34165FA62AB6}.Debug|ARM.ActiveCfg = Debug|iPhone
		{65CEEBE8-AADA-48E1-82BB-34165FA62AB6}.Debug|ARM.Build.0 = Debug|iPhone
		{65CEEBE8-AADA-48E1-82BB-34165FA62AB6}.Debug|ARM.Deploy.0 = Debug|iPhone
		{65CEEBE8-AADA-48E1-82BB-34165FA62AB6}.Debug|iPhone.ActiveCfg = Debug|iPhone
		{65CEEBE8-AADA-48E1-82BB-34165FA62AB6}.Debug|iPhone.Build.0 = Debug|iPhone
		{65CEEBE8-AADA-48E1-82BB-34165FA62AB6}.Debug|iPhone.Deploy.0 = Debug|iPhone
		{65CEEBE8-AADA-48E1-82BB-34165FA62AB6}.Debug|iPhoneSimulator.ActiveCfg = Debug|iPhoneSimulator
		{65CEEBE8-AADA-48E1-82BB-34165FA62AB6}.Debug|iPhoneSimulator.Build.0 = Debug|iPhoneSimulator
		{65CEEBE8-AADA-48E1-82BB-34165FA62AB6}.Debug|iPhoneSimulator.Deploy.0 = Debug|iPhoneSimulator
		{65CEEBE8-AADA-48E1-82BB-34165FA62AB6}.Debug|x64.ActiveCfg = Debug|iPhone
		{65CEEBE8-AADA-48E1-82BB-34165FA62AB6}.Debug|x64.Build.0 = Debug|iPhone
		{65CEEBE8-AADA-48E1-82BB-34165FA62AB6}.Debug|x64.Deploy.0 = Debug|iPhone
		{65CEEBE8-AADA-48E1-82BB-34165FA62AB6}.Debug|x86.ActiveCfg = Debug|iPhone
		{65CEEBE8-AADA-48E1-82BB-34165FA62AB6}.Debug|x86.Build.0 = Debug|iPhone
		{65CEEBE8-AADA-48E1-82BB-34165FA62AB6}.Debug|x86.Deploy.0 = Debug|iPhone
		{65CEEBE8-AADA-48E1-82BB-34165FA62AB6}.Release|Any CPU.ActiveCfg = Release|iPhone
		{65CEEBE8-AADA-48E1-82BB-34165FA62AB6}.Release|Any CPU.Build.0 = Release|iPhone
		{65CEEBE8-AADA-48E1-82BB-34165FA62AB6}.Release|Any CPU.Deploy.0 = Release|iPhone
		{65CEEBE8-AADA-48E1-82BB-34165FA62AB6}.Release|ARM.ActiveCfg = Release|iPhone
		{65CEEBE8-AADA-48E1-82BB-34165FA62AB6}.Release|ARM.Build.0 = Release|iPhone
		{65CEEBE8-AADA-48E1-82BB-34165FA62AB6}.Release|ARM.Deploy.0 = Release|iPhone
		{65CEEBE8-AADA-48E1-82BB-34165FA62AB6}.Release|iPhone.ActiveCfg = Release|iPhone
		{65CEEBE8-AADA-48E1-82BB-34165FA62AB6}.Release|iPhone.Build.0 = Release|iPhone
		{65CEEBE8-AADA-48E1-82BB-34165FA62AB6}.Release|iPhone.Deploy.0 = Release|iPhone
		{65CEEBE8-AADA-48E1-82BB-34165FA62AB6}.Release|iPhoneSimulator.ActiveCfg = Release|iPhoneSimulator
		{65CEEBE8-AADA-48E1-82BB-34165FA62AB6}.Release|iPhoneSimulator.Build.0 = Release|iPhoneSimulator
		{65CEEBE8-AADA-48E1-82BB-34165FA62AB6}.Release|iPhoneSimulator.Deploy.0 = Release|iPhoneSimulator
		{65CEEBE8-AADA-48E1-82BB-34165FA62AB6}.Release|x64.ActiveCfg = Release|iPhone
		{65CEEBE8-AADA-48E1-82BB-34165FA62AB6}.Release|x64.Build.0 = Release|iPhone
		{65CEEBE8-AADA-48E1-82BB-34165FA62AB6}.Release|x64.Deploy.0 = Release|iPhone
		{65CEEBE8-AADA-48E1-82BB-34165FA62AB6}.Release|x86.ActiveCfg = Release|iPhone
		{65CEEBE8-AADA-48E1-82BB-34165FA62AB6}.Release|x86.Build.0 = Release|iPhone
		{65CEEBE8-AADA-48E1-82BB-34165FA62AB6}.Release|x86.Deploy.0 = Release|iPhone
		{D2803FC0-6477-42B7-9051-C13D25A6746C}.Ad-Hoc|Any CPU.ActiveCfg = Release|x86
		{D2803FC0-6477-42B7-9051-C13D25A6746C}.Ad-Hoc|Any CPU.Build.0 = Release|x86
		{D2803FC0-6477-42B7-9051-C13D25A6746C}.Ad-Hoc|Any CPU.Deploy.0 = Release|x86
		{D2803FC0-6477-42B7-9051-C13D25A6746C}.Ad-Hoc|ARM.ActiveCfg = Release|ARM
		{D2803FC0-6477-42B7-9051-C13D25A6746C}.Ad-Hoc|ARM.Build.0 = Release|ARM
		{D2803FC0-6477-42B7-9051-C13D25A6746C}.Ad-Hoc|ARM.Deploy.0 = Release|ARM
		{D2803FC0-6477-42B7-9051-C13D25A6746C}.Ad-Hoc|iPhone.ActiveCfg = Release|x86
		{D2803FC0-6477-42B7-9051-C13D25A6746C}.Ad-Hoc|iPhone.Build.0 = Release|x86
		{D2803FC0-6477-42B7-9051-C13D25A6746C}.Ad-Hoc|iPhone.Deploy.0 = Release|x86
		{D2803FC0-6477-42B7-9051-C13D25A6746C}.Ad-Hoc|iPhoneSimulator.ActiveCfg = Release|x86
		{D2803FC0-6477-42B7-9051-C13D25A6746C}.Ad-Hoc|iPhoneSimulator.Build.0 = Release|x86
		{D2803FC0-6477-42B7-9051-C13D25A6746C}.Ad-Hoc|iPhoneSimulator.Deploy.0 = Release|x86
		{D2803FC0-6477-42B7-9051-C13D25A6746C}.Ad-Hoc|x64.ActiveCfg = Release|x64
		{D2803FC0-6477-42B7-9051-C13D25A6746C}.Ad-Hoc|x64.Build.0 = Release|x64
		{D2803FC0-6477-42B7-9051-C13D25A6746C}.Ad-Hoc|x64.Deploy.0 = Release|x64
		{D2803FC0-6477-42B7-9051-C13D25A6746C}.Ad-Hoc|x86.ActiveCfg = Release|x86
		{D2803FC0-6477-42B7-9051-C13D25A6746C}.Ad-Hoc|x86.Build.0 = Release|x86
		{D2803FC0-6477-42B7-9051-C13D25A6746C}.Ad-Hoc|x86.Deploy.0 = Release|x86
		{D2803FC0-6477-42B7-9051-C13D25A6746C}.AppStore|Any CPU.ActiveCfg = Release|x86
		{D2803FC0-6477-42B7-9051-C13D25A6746C}.AppStore|Any CPU.Build.0 = Release|x86
		{D2803FC0-6477-42B7-9051-C13D25A6746C}.AppStore|Any CPU.Deploy.0 = Release|x86
		{D2803FC0-6477-42B7-9051-C13D25A6746C}.AppStore|ARM.ActiveCfg = Release|ARM
		{D2803FC0-6477-42B7-9051-C13D25A6746C}.AppStore|ARM.Build.0 = Release|ARM
		{D2803FC0-6477-42B7-9051-C13D25A6746C}.AppStore|ARM.Deploy.0 = Release|ARM
		{D2803FC0-6477-42B7-9051-C13D25A6746C}.AppStore|iPhone.ActiveCfg = Release|x86
		{D2803FC0-6477-42B7-9051-C13D25A6746C}.AppStore|iPhone.Build.0 = Release|x86
		{D2803FC0-6477-42B7-9051-C13D25A6746C}.AppStore|iPhone.Deploy.0 = Release|x86
		{D2803FC0-6477-42B7-9051-C13D25A6746C}.AppStore|iPhoneSimulator.ActiveCfg = Release|x86
		{D2803FC0-6477-42B7-9051-C13D25A6746C}.AppStore|iPhoneSimulator.Build.0 = Release|x86
		{D2803FC0-6477-42B7-9051-C13D25A6746C}.AppStore|iPhoneSimulator.Deploy.0 = Release|x86
		{D2803FC0-6477-42B7-9051-C13D25A6746C}.AppStore|x64.ActiveCfg = Release|x64
		{D2803FC0-6477-42B7-9051-C13D25A6746C}.AppStore|x64.Build.0 = Release|x64
		{D2803FC0-6477-42B7-9051-C13D25A6746C}.AppStore|x64.Deploy.0 = Release|x64
		{D2803FC0-6477-42B7-9051-C13D25A6746C}.AppStore|x86.ActiveCfg = Release|x86
		{D2803FC0-6477-42B7-9051-C13D25A6746C}.AppStore|x86.Build.0 = Release|x86
		{D2803FC0-6477-42B7-9051-C13D25A6746C}.AppStore|x86.Deploy.0 = Release|x86
		{D2803FC0-6477-42B7-9051-C13D25A6746C}.Debug|Any CPU.ActiveCfg = Debug|x86
		{D2803FC0-6477-42B7-9051-C13D25A6746C}.Debug|Any CPU.Build.0 = Debug|x86
		{D2803FC0-6477-42B7-9051-C13D25A6746C}.Debug|Any CPU.Deploy.0 = Debug|x86
		{D2803FC0-6477-42B7-9051-C13D25A6746C}.Debug|ARM.ActiveCfg = Debug|ARM
		{D2803FC0-6477-42B7-9051-C13D25A6746C}.Debug|ARM.Build.0 = Debug|ARM
		{D2803FC0-6477-42B7-9051-C13D25A6746C}.Debug|ARM.Deploy.0 = Debug|ARM
		{D2803FC0-6477-42B7-9051-C13D25A6746C}.Debug|iPhone.ActiveCfg = Debug|x86
		{D2803FC0-6477-42B7-9051-C13D25A6746C}.Debug|iPhone.Build.0 = Debug|x86
		{D2803FC0-6477-42B7-9051-C13D25A6746C}.Debug|iPhone.Deploy.0 = Debug|x86
		{D2803FC0-6477-42B7-9051-C13D25A6746C}.Debug|iPhoneSimulator.ActiveCfg = Debug|x86
		{D2803FC0-6477-42B7-9051-C13D25A6746C}.Debug|iPhoneSimulator.Build.0 = Debug|x86
		{D2803FC0-6477-42B7-9051-C13D25A6746C}.Debug|iPhoneSimulator.Deploy.0 = Debug|x86
		{D2803FC0-6477-42B7-9051-C13D25A6746C}.Debug|x64.ActiveCfg = Debug|x64
		{D2803FC0-6477-42B7-9051-C13D25A6746C}.Debug|x64.Build.0 = Debug|x64
		{D2803FC0-6477-42B7-9051-C13D25A6746C}.Debug|x64.Deploy.0 = Debug|x64
		{D2803FC0-6477-42B7-9051-C13D25A6746C}.Debug|x86.ActiveCfg = Debug|x86
		{D2803FC0-6477-42B7-9051-C13D25A6746C}.Debug|x86.Build.0 = Debug|x86
		{D2803FC0-6477-42B7-9051-C13D25A6746C}.Debug|x86.Deploy.0 = Debug|x86
		{D2803FC0-6477-42B7-9051-C13D25A6746C}.Release|Any CPU.ActiveCfg = Release|x86
		{D2803FC0-6477-42B7-9051-C13D25A6746C}.Release|Any CPU.Build.0 = Release|x86
		{D2803FC0-6477-42B7-9051-C13D25A6746C}.Release|Any CPU.Deploy.0 = Release|x86
		{D2803FC0-6477-42B7-9051-C13D25A6746C}.Release|ARM.ActiveCfg = Release|ARM
		{D2803FC0-6477-42B7-9051-C13D25A6746C}.Release|ARM.Build.0 = Release|ARM
		{D2803FC0-6477-42B7-9051-C13D25A6746C}.Release|ARM.Deploy.0 = Release|ARM
		{D2803FC0-6477-42B7-9051-C13D25A6746C}.Release|iPhone.ActiveCfg = Release|x86
		{D2803FC0-6477-42B7-9051-C13D25A6746C}.Release|iPhone.Build.0 = Release|x86
		{D2803FC0-6477-42B7-9051-C13D25A6746C}.Release|iPhone.Deploy.0 = Release|x86
		{D2803FC0-6477-42B7-9051-C13D25A6746C}.Release|iPhoneSimulator.ActiveCfg = Release|x86
		{D2803FC0-6477-42B7-9051-C13D25A6746C}.Release|iPhoneSimulator.Build.0 = Release|x86
		{D2803FC0-6477-42B7-9051-C13D25A6746C}.Release|iPhoneSimulator.Deploy.0 = Release|x86
		{D2803FC0-6477-42B7-9051-C13D25A6746C}.Release|x64.ActiveCfg = Release|x64
		{D2803FC0-6477-42B7-9051-C13D25A6746C}.Release|x64.Build.0 = Release|x64
		{D2803FC0-6477-42B7-9051-C13D25A6746C}.Release|x64.Deploy.0 = Release|x64
		{D2803FC0-6477-42B7-9051-C13D25A6746C}.Release|x86.ActiveCfg = Release|x86
		{D2803FC0-6477-42B7-9051-C13D25A6746C}.Release|x86.Build.0 = Release|x86
		{D2803FC0-6477-42B7-9051-C13D25A6746C}.Release|x86.Deploy.0 = Release|x86
		{BAF625B7-3E5C-458B-8EAE-10BBE743E8FC}.Ad-Hoc|Any CPU.ActiveCfg = Debug|Any CPU
		{BAF625B7-3E5C-458B-8EAE-10BBE743E8FC}.Ad-Hoc|Any CPU.Build.0 = Debug|Any CPU
		{BAF625B7-3E5C-458B-8EAE-10BBE743E8FC}.Ad-Hoc|Any CPU.Deploy.0 = Debug|Any CPU
		{BAF625B7-3E5C-458B-8EAE-10BBE743E8FC}.Ad-Hoc|ARM.ActiveCfg = Debug|Any CPU
		{BAF625B7-3E5C-458B-8EAE-10BBE743E8FC}.Ad-Hoc|ARM.Build.0 = Debug|Any CPU
		{BAF625B7-3E5C-458B-8EAE-10BBE743E8FC}.Ad-Hoc|ARM.Deploy.0 = Debug|Any CPU
		{BAF625B7-3E5C-458B-8EAE-10BBE743E8FC}.Ad-Hoc|iPhone.ActiveCfg = Debug|Any CPU
		{BAF625B7-3E5C-458B-8EAE-10BBE743E8FC}.Ad-Hoc|iPhone.Build.0 = Debug|Any CPU
		{BAF625B7-3E5C-458B-8EAE-10BBE743E8FC}.Ad-Hoc|iPhone.Deploy.0 = Debug|Any CPU
		{BAF625B7-3E5C-458B-8EAE-10BBE743E8FC}.Ad-Hoc|iPhoneSimulator.ActiveCfg = Debug|Any CPU
		{BAF625B7-3E5C-458B-8EAE-10BBE743E8FC}.Ad-Hoc|iPhoneSimulator.Build.0 = Debug|Any CPU
		{BAF625B7-3E5C-458B-8EAE-10BBE743E8FC}.Ad-Hoc|iPhoneSimulator.Deploy.0 = Debug|Any CPU
		{BAF625B7-3E5C-458B-8EAE-10BBE743E8FC}.Ad-Hoc|x64.ActiveCfg = Debug|Any CPU
		{BAF625B7-3E5C-458B-8EAE-10BBE743E8FC}.Ad-Hoc|x64.Build.0 = Debug|Any CPU
		{BAF625B7-3E5C-458B-8EAE-10BBE743E8FC}.Ad-Hoc|x64.Deploy.0 = Debug|Any CPU
		{BAF625B7-3E5C-458B-8EAE-10BBE743E8FC}.Ad-Hoc|x86.ActiveCfg = Debug|Any CPU
		{BAF625B7-3E5C-458B-8EAE-10BBE743E8FC}.Ad-Hoc|x86.Build.0 = Debug|Any CPU
		{BAF625B7-3E5C-458B-8EAE-10BBE743E8FC}.Ad-Hoc|x86.Deploy.0 = Debug|Any CPU
		{BAF625B7-3E5C-458B-8EAE-10BBE743E8FC}.AppStore|Any CPU.ActiveCfg = Debug|Any CPU
		{BAF625B7-3E5C-458B-8EAE-10BBE743E8FC}.AppStore|Any CPU.Build.0 = Debug|Any CPU
		{BAF625B7-3E5C-458B-8EAE-10BBE743E8FC}.AppStore|Any CPU.Deploy.0 = Debug|Any CPU
		{BAF625B7-3E5C-458B-8EAE-10BBE743E8FC}.AppStore|ARM.ActiveCfg = Debug|Any CPU
		{BAF625B7-3E5C-458B-8EAE-10BBE743E8FC}.AppStore|ARM.Build.0 = Debug|Any CPU
		{BAF625B7-3E5C-458B-8EAE-10BBE743E8FC}.AppStore|ARM.Deploy.0 = Debug|Any CPU
		{BAF625B7-3E5C-458B-8EAE-10BBE743E8FC}.AppStore|iPhone.ActiveCfg = Debug|Any CPU
		{BAF625B7-3E5C-458B-8EAE-10BBE743E8FC}.AppStore|iPhone.Build.0 = Debug|Any CPU
		{BAF625B7-3E5C-458B-8EAE-10BBE743E8FC}.AppStore|iPhone.Deploy.0 = Debug|Any CPU
		{BAF625B7-3E5C-458B-8EAE-10BBE743E8FC}.AppStore|iPhoneSimulator.ActiveCfg = Debug|Any CPU
		{BAF625B7-3E5C-458B-8EAE-10BBE743E8FC}.AppStore|iPhoneSimulator.Build.0 = Debug|Any CPU
		{BAF625B7-3E5C-458B-8EAE-10BBE743E8FC}.AppStore|iPhoneSimulator.Deploy.0 = Debug|Any CPU
		{BAF625B7-3E5C-458B-8EAE-10BBE743E8FC}.AppStore|x64.ActiveCfg = Debug|Any CPU
		{BAF625B7-3E5C-458B-8EAE-10BBE743E8FC}.AppStore|x64.Build.0 = Debug|Any CPU
		{BAF625B7-3E5C-458B-8EAE-10BBE743E8FC}.AppStore|x64.Deploy.0 = Debug|Any CPU
		{BAF625B7-3E5C-458B-8EAE-10BBE743E8FC}.AppStore|x86.ActiveCfg = Debug|Any CPU
		{BAF625B7-3E5C-458B-8EAE-10BBE743E8FC}.AppStore|x86.Build.0 = Debug|Any CPU
		{BAF625B7-3E5C-458B-8EAE-10BBE743E8FC}.AppStore|x86.Deploy.0 = Debug|Any CPU
		{BAF625B7-3E5C-458B-8EAE-10BBE743E8FC}.Debug|Any CPU.ActiveCfg = Debug|Any CPU
		{BAF625B7-3E5C-458B-8EAE-10BBE743E8FC}.Debug|Any CPU.Build.0 = Debug|Any CPU
		{BAF625B7-3E5C-458B-8EAE-10BBE743E8FC}.Debug|Any CPU.Deploy.0 = Debug|Any CPU
		{BAF625B7-3E5C-458B-8EAE-10BBE743E8FC}.Debug|ARM.ActiveCfg = Debug|Any CPU
		{BAF625B7-3E5C-458B-8EAE-10BBE743E8FC}.Debug|ARM.Build.0 = Debug|Any CPU
		{BAF625B7-3E5C-458B-8EAE-10BBE743E8FC}.Debug|ARM.Deploy.0 = Debug|Any CPU
		{BAF625B7-3E5C-458B-8EAE-10BBE743E8FC}.Debug|iPhone.ActiveCfg = Debug|Any CPU
		{BAF625B7-3E5C-458B-8EAE-10BBE743E8FC}.Debug|iPhone.Build.0 = Debug|Any CPU
		{BAF625B7-3E5C-458B-8EAE-10BBE743E8FC}.Debug|iPhone.Deploy.0 = Debug|Any CPU
		{BAF625B7-3E5C-458B-8EAE-10BBE743E8FC}.Debug|iPhoneSimulator.ActiveCfg = Debug|Any CPU
		{BAF625B7-3E5C-458B-8EAE-10BBE743E8FC}.Debug|iPhoneSimulator.Build.0 = Debug|Any CPU
		{BAF625B7-3E5C-458B-8EAE-10BBE743E8FC}.Debug|iPhoneSimulator.Deploy.0 = Debug|Any CPU
		{BAF625B7-3E5C-458B-8EAE-10BBE743E8FC}.Debug|x64.ActiveCfg = Debug|Any CPU
		{BAF625B7-3E5C-458B-8EAE-10BBE743E8FC}.Debug|x64.Build.0 = Debug|Any CPU
		{BAF625B7-3E5C-458B-8EAE-10BBE743E8FC}.Debug|x64.Deploy.0 = Debug|Any CPU
		{BAF625B7-3E5C-458B-8EAE-10BBE743E8FC}.Debug|x86.ActiveCfg = Debug|Any CPU
		{BAF625B7-3E5C-458B-8EAE-10BBE743E8FC}.Debug|x86.Build.0 = Debug|Any CPU
		{BAF625B7-3E5C-458B-8EAE-10BBE743E8FC}.Debug|x86.Deploy.0 = Debug|Any CPU
		{BAF625B7-3E5C-458B-8EAE-10BBE743E8FC}.Release|Any CPU.ActiveCfg = Release|Any CPU
		{BAF625B7-3E5C-458B-8EAE-10BBE743E8FC}.Release|Any CPU.Build.0 = Release|Any CPU
		{BAF625B7-3E5C-458B-8EAE-10BBE743E8FC}.Release|Any CPU.Deploy.0 = Release|Any CPU
		{BAF625B7-3E5C-458B-8EAE-10BBE743E8FC}.Release|ARM.ActiveCfg = Release|Any CPU
		{BAF625B7-3E5C-458B-8EAE-10BBE743E8FC}.Release|ARM.Build.0 = Release|Any CPU
		{BAF625B7-3E5C-458B-8EAE-10BBE743E8FC}.Release|ARM.Deploy.0 = Release|Any CPU
		{BAF625B7-3E5C-458B-8EAE-10BBE743E8FC}.Release|iPhone.ActiveCfg = Release|Any CPU
		{BAF625B7-3E5C-458B-8EAE-10BBE743E8FC}.Release|iPhone.Build.0 = Release|Any CPU
		{BAF625B7-3E5C-458B-8EAE-10BBE743E8FC}.Release|iPhone.Deploy.0 = Release|Any CPU
		{BAF625B7-3E5C-458B-8EAE-10BBE743E8FC}.Release|iPhoneSimulator.ActiveCfg = Release|Any CPU
		{BAF625B7-3E5C-458B-8EAE-10BBE743E8FC}.Release|iPhoneSimulator.Build.0 = Release|Any CPU
		{BAF625B7-3E5C-458B-8EAE-10BBE743E8FC}.Release|iPhoneSimulator.Deploy.0 = Release|Any CPU
		{BAF625B7-3E5C-458B-8EAE-10BBE743E8FC}.Release|x64.ActiveCfg = Release|Any CPU
		{BAF625B7-3E5C-458B-8EAE-10BBE743E8FC}.Release|x64.Build.0 = Release|Any CPU
		{BAF625B7-3E5C-458B-8EAE-10BBE743E8FC}.Release|x64.Deploy.0 = Release|Any CPU
		{BAF625B7-3E5C-458B-8EAE-10BBE743E8FC}.Release|x86.ActiveCfg = Release|Any CPU
		{BAF625B7-3E5C-458B-8EAE-10BBE743E8FC}.Release|x86.Build.0 = Release|Any CPU
		{BAF625B7-3E5C-458B-8EAE-10BBE743E8FC}.Release|x86.Deploy.0 = Release|Any CPU
	EndGlobalSection
	GlobalSection(SolutionProperties) = preSolution
		HideSolutionNode = FALSE
	EndGlobalSection
	GlobalSection(ExtensibilityGlobals) = postSolution
		SolutionGuid = {3C75E975-A065-48E9-84DA-6BD2C80358DF}
	EndGlobalSection
EndGlobal
